
Microsoft Visual Studio Solution File, Format Version 12.00
# Visual Studio Version 17
VisualStudioVersion = 17.2.32505.173
MinimumVisualStudioVersion = 10.0.40219.1
Project("{9A19103F-16F7-4668-BE54-9A1E7A4F7556}") = "TaskGauge.Mvc", "TaskGauge.Mvc\TaskGauge.Mvc.csproj", "{1C5674D9-6F88-4AFE-A587-4B2DE5CFF69A}"
EndProject
Project("{FAE04EC0-301F-11D3-BF4B-00C04F79EFBC}") = "TaskGauge.Entity", "TaskGauge.Entity\TaskGauge.Entity.csproj", "{A739CB37-A946-4FD6-8C26-49741623C46E}"
EndProject
Global
	GlobalSection(SolutionConfigurationPlatforms) = preSolution
		Debug|Any CPU = Debug|Any CPU
		Release|Any CPU = Release|Any CPU
	EndGlobalSection
	GlobalSection(ProjectConfigurationPlatforms) = postSolution
		{1C5674D9-6F88-4AFE-A587-4B2DE5CFF69A}.Debug|Any CPU.ActiveCfg = Debug|Any CPU
		{1C5674D9-6F88-4AFE-A587-4B2DE5CFF69A}.Debug|Any CPU.Build.0 = Debug|Any CPU
		{1C5674D9-6F88-4AFE-A587-4B2DE5CFF69A}.Release|Any CPU.ActiveCfg = Release|Any CPU
		{1C5674D9-6F88-4AFE-A587-4B2DE5CFF69A}.Release|Any CPU.Build.0 = Release|Any CPU
		{A739CB37-A946-4FD6-8C26-49741623C46E}.Debug|Any CPU.ActiveCfg = Debug|Any CPU
		{A739CB37-A946-4FD6-8C26-49741623C46E}.Debug|Any CPU.Build.0 = Debug|Any CPU
		{A739CB37-A946-4FD6-8C26-49741623C46E}.Release|Any CPU.ActiveCfg = Release|Any CPU
		{A739CB37-A946-4FD6-8C26-49741623C46E}.Release|Any CPU.Build.0 = Release|Any CPU
	EndGlobalSection
	GlobalSection(SolutionProperties) = preSolution
		HideSolutionNode = FALSE
	EndGlobalSection
	GlobalSection(ExtensibilityGlobals) = postSolution
		SolutionGuid = {2922D698-C2FB-4AD1-85B5-C2406D68A39C}
	EndGlobalSection
EndGlobal
